<?xml version="1.0" encoding="utf-8"?>
<Project ToolsVersion="4.0" xmlns="http://schemas.microsoft.com/developer/msbuild/2003">
  <ItemGroup>
    <ClCompile Include="Texture.cpp">
      <Filter>Resources</Filter>
    </ClCompile>
    <ClCompile Include="Loader.cpp">
      <Filter>Resources</Filter>
    </ClCompile>
    <ClCompile Include="Model.cpp">
      <Filter>Resources</Filter>
    </ClCompile>
    <ClCompile Include="LoadHandler.cpp">
      <Filter>Resources</Filter>
    </ClCompile>
    <ClCompile Include="Ball.cpp">
      <Filter>Logic</Filter>
    </ClCompile>
    <ClCompile Include="Brick.cpp">
      <Filter>Logic</Filter>
    </ClCompile>
    <ClCompile Include="GameLogic.cpp">
      <Filter>Logic</Filter>
    </ClCompile>
    <ClCompile Include="Gameplay.cpp">
      <Filter>Logic</Filter>
    </ClCompile>
    <ClCompile Include="Map.cpp">
      <Filter>Logic</Filter>
    </ClCompile>
    <ClCompile Include="Pad.cpp">
      <Filter>Logic</Filter>
    </ClCompile>
    <ClCompile Include="Camera.cpp">
      <Filter>Graphics</Filter>
    </ClCompile>
    <ClCompile Include="GraphicsDX11.cpp">
      <Filter>Graphics</Filter>
    </ClCompile>
    <ClCompile Include="GraphicsOGL4.cpp">
      <Filter>Graphics</Filter>
    </ClCompile>
    <ClCompile Include="TechniqueHLSL.cpp">
      <Filter>Graphics</Filter>
    </ClCompile>
    <ClCompile Include="Windowhandler.cpp">
      <Filter>Graphics</Filter>
    </ClCompile>
    <ClCompile Include="Main.cpp">
      <Filter>External</Filter>
    </ClCompile>
    <ClCompile Include="Inputhandler.cpp">
      <Filter>External</Filter>
    </ClCompile>
    <ClCompile Include="Timer.cpp">
      <Filter>External</Filter>
    </ClCompile>
    <ClCompile Include="ObjectCore.cpp">
      <Filter>Source Files</Filter>
    </ClCompile>
    <ClCompile Include="MenuElement.cpp">
      <Filter>Source Files</Filter>
    </ClCompile>
  </ItemGroup>
  <ItemGroup>
    <Filter Include="Source Files">
      <UniqueIdentifier>{4FC737F1-C7A5-4376-A066-2A32D752A2FF}</UniqueIdentifier>
      <Extensions>cpp;c;cc;cxx;def;odl;idl;hpj;bat;asm;asmx</Extensions>
    </Filter>
    <Filter Include="Header Files">
      <UniqueIdentifier>{93995380-89BD-4b04-88EB-625FBE52EBFB}</UniqueIdentifier>
      <Extensions>h;hpp;hxx;hm;inl;inc;xsd</Extensions>
    </Filter>
    <Filter Include="HLSL">
      <UniqueIdentifier>{8384589b-638f-4c67-a838-1a6b4e842406}</UniqueIdentifier>
    </Filter>
    <Filter Include="HLSL\gs">
      <UniqueIdentifier>{e18f2ca4-1f43-429b-822a-03c12da157b5}</UniqueIdentifier>
    </Filter>
    <Filter Include="HLSL\ps">
      <UniqueIdentifier>{c517646c-7ed2-4d60-adee-a311d9620793}</UniqueIdentifier>
    </Filter>
    <Filter Include="HLSL\vs">
      <UniqueIdentifier>{1eda84c7-b438-4de0-ac13-8a5f6d05779d}</UniqueIdentifier>
    </Filter>
    <Filter Include="Resources">
      <UniqueIdentifier>{22dacd55-3147-450c-aa00-f03ee47ff8e1}</UniqueIdentifier>
    </Filter>
    <Filter Include="Logic">
      <UniqueIdentifier>{11f58b07-e239-47b3-9fa7-e7a4e01ffb00}</UniqueIdentifier>
    </Filter>
    <Filter Include="Graphics">
      <UniqueIdentifier>{3f16282b-256b-45b9-8457-b228fc4d272b}</UniqueIdentifier>
    </Filter>
    <Filter Include="External">
      <UniqueIdentifier>{13af3ad7-1c22-4a64-91dd-acf4f271fdce}</UniqueIdentifier>
    </Filter>
  </ItemGroup>
  <ItemGroup>
    <ClInclude Include="linearalgebra.h">
      <Filter>Header Files</Filter>
    </ClInclude>
    <ClInclude Include="Texture.h">
      <Filter>Resources</Filter>
    </ClInclude>
    <ClInclude Include="Loader.h">
      <Filter>Resources</Filter>
    </ClInclude>
    <ClInclude Include="Model.h">
      <Filter>Resources</Filter>
    </ClInclude>
    <ClInclude Include="LoadHandler.h">
      <Filter>Resources</Filter>
    </ClInclude>
    <ClInclude Include="Ball.h">
      <Filter>Logic</Filter>
    </ClInclude>
    <ClInclude Include="Brick.h">
      <Filter>Logic</Filter>
    </ClInclude>
    <ClInclude Include="GameLogic.h">
      <Filter>Logic</Filter>
    </ClInclude>
    <ClInclude Include="Gameplay.h">
      <Filter>Logic</Filter>
    </ClInclude>
    <ClInclude Include="Map.h">
      <Filter>Logic</Filter>
    </ClInclude>
    <ClInclude Include="Pad.h">
      <Filter>Logic</Filter>
    </ClInclude>
    <ClInclude Include="Camera.h">
      <Filter>Graphics</Filter>
    </ClInclude>
    <ClInclude Include="GraphicsDX11.h">
      <Filter>Graphics</Filter>
    </ClInclude>
    <ClInclude Include="GraphicsOGL4.h">
      <Filter>Graphics</Filter>
    </ClInclude>
    <ClInclude Include="Physics.h">
      <Filter>Logic</Filter>
    </ClInclude>
    <ClInclude Include="TechniqueHLSL.h">
      <Filter>Graphics</Filter>
    </ClInclude>
    <ClInclude Include="Windowhandler.h">
      <Filter>Graphics</Filter>
    </ClInclude>
    <ClInclude Include="Resource.h">
      <Filter>External</Filter>
    </ClInclude>
    <ClInclude Include="linearalgebra.h">
      <Filter>External</Filter>
    </ClInclude>
    <ClInclude Include="Inputhandler.h">
      <Filter>External</Filter>
    </ClInclude>
    <ClInclude Include="Timer.h">
      <Filter>External</Filter>
    </ClInclude>
    <ClInclude Include="ObjectCore.h">
      <Filter>Header Files</Filter>
    </ClInclude>
    <ClInclude Include="MenuElement.h">
      <Filter>Header Files</Filter>
    </ClInclude>
    <ClInclude Include="Object3D.h">
      <Filter>Logic</Filter>
    </ClInclude>
  </ItemGroup>
  <ItemGroup>
    <CustomBuild Include="shaders\hlsl\vsSimple.fx">
      <Filter>HLSL\vs</Filter>
    </CustomBuild>
    <CustomBuild Include="shaders\hlsl\psSimple.fx">
      <Filter>HLSL\ps</Filter>
    </CustomBuild>
    <CustomBuild Include="shaders\hlsl\resource.fx">
      <Filter>HLSL</Filter>
    </CustomBuild>
    <CustomBuild Include="shaders\hlsl\gsBBUI.fx">
      <Filter>HLSL\gs</Filter>
    </CustomBuild>
    <CustomBuild Include="shaders\hlsl\psBBUI.fx">
      <Filter>HLSL\ps</Filter>
    </CustomBuild>
    <CustomBuild Include="shaders\hlsl\vsBBUI.fx">
      <Filter>HLSL\vs</Filter>
    </CustomBuild>
  </ItemGroup>
</Project>