
Microsoft Visual Studio Solution File, Format Version 12.00
# Visual Studio 2012
Project("{8BC9CEB8-8B4A-11D0-8D11-00A0C91BC942}") = "Breakout", "Breakout\Breakout.vcxproj", "{EEFA7176-F2E9-49F5-B1CF-9BF1E28C9769}"
EndProject
Project("{2150E333-8FDC-42A3-9474-1A3956D46DE8}") = "Solution Items", "Solution Items", "{EAE14147-9BE9-4C52-83D2-1CCAF1DE3976}"
EndProject
Global
	GlobalSection(SolutionConfigurationPlatforms) = preSolution
		Debug|Win32 = Debug|Win32
		Release|Win32 = Release|Win32
	EndGlobalSection
	GlobalSection(ProjectConfigurationPlatforms) = postSolution
		{EEFA7176-F2E9-49F5-B1CF-9BF1E28C9769}.Debug|Win32.ActiveCfg = Debug|Win32
		{EEFA7176-F2E9-49F5-B1CF-9BF1E28C9769}.Debug|Win32.Build.0 = Debug|Win32
		{EEFA7176-F2E9-49F5-B1CF-9BF1E28C9769}.Release|Win32.ActiveCfg = Release|Win32
		{EEFA7176-F2E9-49F5-B1CF-9BF1E28C9769}.Release|Win32.Build.0 = Release|Win32
	EndGlobalSection
	GlobalSection(SolutionProperties) = preSolution
		HideSolutionNode = FALSE
	EndGlobalSection
EndGlobal
